Microsoft Visual Studio Solution File, Format Version 12.00
# Visual Studio Version 16
VisualStudioVersion = 16.0.29609.76
MinimumVisualStudioVersion = 10.0.40219.1
Project("{FAE04EC0-301F-11D3-BF4B-00C04F79EFBC}") = "fb", "fb.csproj", "{456B3BB4-4B40-49B2-9F9A-BAEC76333BB8}"
EndProject
Global
	GlobalSection(SolutionConfigurationPlatforms) = preSolution
		Debug|Any CPU = Debug|Any CPU
		Release|Any CPU = Release|Any CPU
	EndGlobalSection
	GlobalSection(ProjectConfigurationPlatforms) = postSolution
		{456B3BB4-4B40-49B2-9F9A-BAEC76333BB8}.Debug|Any CPU.ActiveCfg = Debug|Any CPU
		{456B3BB4-4B40-49B2-9F9A-BAEC76333BB8}.Debug|Any CPU.Build.0 = Debug|Any CPU
		{456B3BB4-4B40-49B2-9F9A-BAEC76333BB8}.Release|Any CPU.ActiveCfg = Release|Any CPU
		{456B3BB4-4B40-49B2-9F9A-BAEC76333BB8}.Release|Any CPU.Build.0 = Release|Any CPU
	EndGlobalSection
	GlobalSection(SolutionProperties) = preSolution
		HideSolutionNode = FALSE
	EndGlobalSection
	GlobalSection(ExtensibilityGlobals) = postSolution
		SolutionGuid = {893261FA-A4E4-4956-AA26-E48441CBCB46}
	EndGlobalSection
EndGlobal
